
Microsoft Visual Studio Solution File, Format Version 12.00
# Visual Studio Version 16
VisualStudioVersion = 16.0.33027.164
MinimumVisualStudioVersion = 10.0.40219.1
Project("{FAE04EC0-301F-11D3-BF4B-00C04F79EFBC}") = "OgrenciOtomasyon", "OgrenciOtomasyon\OgrenciOtomasyon.csproj", "{9F1467B9-0A9B-4029-8AA0-192ED8D638D3}"
EndProject
Project("{54435603-DBB4-11D2-8724-00A0C9A8B90C}") = "OBS", "OBS\OBS.vdproj", "{CDCB95E6-EE9F-46CF-B137-26DC6A193ED7}"
EndProject
Project("{54435603-DBB4-11D2-8724-00A0C9A8B90C}") = "ObsApp", "ObsApp\ObsApp.vdproj", "{F5BF8C01-6997-428F-897D-5633BCE3B71C}"
EndProject
Global
	GlobalSection(SolutionConfigurationPlatforms) = preSolution
		Debug|Any CPU = Debug|Any CPU
		Release|Any CPU = Release|Any CPU
	EndGlobalSection
	GlobalSection(ProjectConfigurationPlatforms) = postSolution
		{9F1467B9-0A9B-4029-8AA0-192ED8D638D3}.Debug|Any CPU.ActiveCfg = Debug|Any CPU
		{9F1467B9-0A9B-4029-8AA0-192ED8D638D3}.Debug|Any CPU.Build.0 = Debug|Any CPU
		{9F1467B9-0A9B-4029-8AA0-192ED8D638D3}.Release|Any CPU.ActiveCfg = Release|Any CPU
		{9F1467B9-0A9B-4029-8AA0-192ED8D638D3}.Release|Any CPU.Build.0 = Release|Any CPU
		{CDCB95E6-EE9F-46CF-B137-26DC6A193ED7}.Debug|Any CPU.ActiveCfg = Debug
		{CDCB95E6-EE9F-46CF-B137-26DC6A193ED7}.Release|Any CPU.ActiveCfg = Release
		{F5BF8C01-6997-428F-897D-5633BCE3B71C}.Debug|Any CPU.ActiveCfg = Debug
		{F5BF8C01-6997-428F-897D-5633BCE3B71C}.Release|Any CPU.ActiveCfg = Release
	EndGlobalSection
	GlobalSection(SolutionProperties) = preSolution
		HideSolutionNode = FALSE
	EndGlobalSection
	GlobalSection(ExtensibilityGlobals) = postSolution
		SolutionGuid = {9B695186-BD38-490D-967B-9AE38CBDD1D9}
	EndGlobalSection
EndGlobal
